
Microsoft Visual Studio Solution File, Format Version 12.00
# Visual Studio Version 16
VisualStudioVersion = 16.0.34407.143
MinimumVisualStudioVersion = 10.0.40219.1
Project("{FAE04EC0-301F-11D3-BF4B-00C04F79EFBC}") = "SignalR.Chat.DotNetFrameWork", "SignalR.Chat.DotNetFrameWork\SignalR.Chat.DotNetFrameWork.csproj", "{67991C40-D6F2-406F-BA86-4D2E4A51586B}"
EndProject
Project("{FAE04EC0-301F-11D3-BF4B-00C04F79EFBC}") = "SignalR.Chat.Mvc.DotNetFrameWork", "SignalR.Chat.Mvc.DotNetFrameWork\SignalR.Chat.Mvc.DotNetFrameWork.csproj", "{BEBBC90D-83E9-4B95-8851-3237468FF0D1}"
EndProject
Global
	GlobalSection(SolutionConfigurationPlatforms) = preSolution
		Debug|Any CPU = Debug|Any CPU
		Release|Any CPU = Release|Any CPU
	EndGlobalSection
	GlobalSection(ProjectConfigurationPlatforms) = postSolution
		{67991C40-D6F2-406F-BA86-4D2E4A51586B}.Debug|Any CPU.ActiveCfg = Debug|Any CPU
		{67991C40-D6F2-406F-BA86-4D2E4A51586B}.Debug|Any CPU.Build.0 = Debug|Any CPU
		{67991C40-D6F2-406F-BA86-4D2E4A51586B}.Release|Any CPU.ActiveCfg = Release|Any CPU
		{67991C40-D6F2-406F-BA86-4D2E4A51586B}.Release|Any CPU.Build.0 = Release|Any CPU
		{BEBBC90D-83E9-4B95-8851-3237468FF0D1}.Debug|Any CPU.ActiveCfg = Debug|Any CPU
		{BEBBC90D-83E9-4B95-8851-3237468FF0D1}.Debug|Any CPU.Build.0 = Debug|Any CPU
		{BEBBC90D-83E9-4B95-8851-3237468FF0D1}.Release|Any CPU.ActiveCfg = Release|Any CPU
		{BEBBC90D-83E9-4B95-8851-3237468FF0D1}.Release|Any CPU.Build.0 = Release|Any CPU
	EndGlobalSection
	GlobalSection(SolutionProperties) = preSolution
		HideSolutionNode = FALSE
	EndGlobalSection
	GlobalSection(ExtensibilityGlobals) = postSolution
		SolutionGuid = {3CCDD9B4-A67A-4BFB-890A-76C7ADCC458C}
	EndGlobalSection
EndGlobal
